
Microsoft Visual Studio Solution File, Format Version 12.00
# Visual Studio Version 17
VisualStudioVersion = 17.0.31903.59
MinimumVisualStudioVersion = 10.0.40219.1
Project("{2150E333-8FDC-42A3-9474-1A3956D46DE8}") = "src", "src", "{61CE9E57-FE11-47CB-8D98-1D8943045F0C}"
EndProject
Project("{FAE04EC0-301F-11D3-BF4B-00C04F79EFBC}") = "MCModPlus", "src\MCModPlus\MCModPlus.csproj", "{91BE6B38-5061-473B-9A7D-2E139A9A376A}"
EndProject
Global
	GlobalSection(SolutionConfigurationPlatforms) = preSolution
		Debug|Any CPU = Debug|Any CPU
		Release|Any CPU = Release|Any CPU
	EndGlobalSection
	GlobalSection(SolutionProperties) = preSolution
		HideSolutionNode = FALSE
	EndGlobalSection
	GlobalSection(ProjectConfigurationPlatforms) = postSolution
		{91BE6B38-5061-473B-9A7D-2E139A9A376A}.Debug|Any CPU.ActiveCfg = Debug|Any CPU
		{91BE6B38-5061-473B-9A7D-2E139A9A376A}.Debug|Any CPU.Build.0 = Debug|Any CPU
		{91BE6B38-5061-473B-9A7D-2E139A9A376A}.Release|Any CPU.ActiveCfg = Release|Any CPU
		{91BE6B38-5061-473B-9A7D-2E139A9A376A}.Release|Any CPU.Build.0 = Release|Any CPU
	EndGlobalSection
	GlobalSection(NestedProjects) = preSolution
		{91BE6B38-5061-473B-9A7D-2E139A9A376A} = {61CE9E57-FE11-47CB-8D98-1D8943045F0C}
	EndGlobalSection
EndGlobal
